
Microsoft Visual Studio Solution File, Format Version 12.00
# Visual Studio Version 16
VisualStudioVersion = 16.0.30011.22
MinimumVisualStudioVersion = 10.0.40219.1
Project("{FAE04EC0-301F-11D3-BF4B-00C04F79EFBC}") = "NorthwindEntities", "NorthwindEntities\NorthwindEntities.csproj", "{8EA77852-FCF4-416A-900C-379067BEEB63}"
EndProject
Global
	GlobalSection(SolutionConfigurationPlatforms) = preSolution
		Debug|Any CPU = Debug|Any CPU
		Release|Any CPU = Release|Any CPU
	EndGlobalSection
	GlobalSection(ProjectConfigurationPlatforms) = postSolution
		{8EA77852-FCF4-416A-900C-379067BEEB63}.Debug|Any CPU.ActiveCfg = Debug|Any CPU
		{8EA77852-FCF4-416A-900C-379067BEEB63}.Debug|Any CPU.Build.0 = Debug|Any CPU
		{8EA77852-FCF4-416A-900C-379067BEEB63}.Release|Any CPU.ActiveCfg = Release|Any CPU
		{8EA77852-FCF4-416A-900C-379067BEEB63}.Release|Any CPU.Build.0 = Release|Any CPU
	EndGlobalSection
	GlobalSection(SolutionProperties) = preSolution
		HideSolutionNode = FALSE
	EndGlobalSection
	GlobalSection(ExtensibilityGlobals) = postSolution
		SolutionGuid = {4234AE6D-A4FA-488A-A102-B0F02D45233F}
	EndGlobalSection
EndGlobal
